
Microsoft Visual Studio Solution File, Format Version 12.00
# Visual Studio 15
VisualStudioVersion = 15.0.26124.0
MinimumVisualStudioVersion = 15.0.26124.0
Project("{FAE04EC0-301F-11D3-BF4B-00C04F79EFBC}") = "SemanticWord", "SemanticWord\SemanticWord.csproj", "{C867A22C-584D-42A3-A02F-B3A5A9487369}"
EndProject
Project("{FAE04EC0-301F-11D3-BF4B-00C04F79EFBC}") = "SWTest", "SWTest\SWTest.csproj", "{82901359-C2E7-4319-A6D7-D4DA4BDD3238}"
EndProject
Global
	GlobalSection(SolutionConfigurationPlatforms) = preSolution
		Debug|Any CPU = Debug|Any CPU
		Debug|x64 = Debug|x64
		Debug|x86 = Debug|x86
		Release|Any CPU = Release|Any CPU
		Release|x64 = Release|x64
		Release|x86 = Release|x86
	EndGlobalSection
	GlobalSection(SolutionProperties) = preSolution
		HideSolutionNode = FALSE
	EndGlobalSection
	GlobalSection(ProjectConfigurationPlatforms) = postSolution
		{4B41A5DE-1F31-433D-937D-86651EB2AE00}.Debug|Any CPU.ActiveCfg = Debug|Any CPU
		{4B41A5DE-1F31-433D-937D-86651EB2AE00}.Debug|Any CPU.Build.0 = Debug|Any CPU
		{4B41A5DE-1F31-433D-937D-86651EB2AE00}.Debug|x64.ActiveCfg = Debug|Any CPU
		{4B41A5DE-1F31-433D-937D-86651EB2AE00}.Debug|x64.Build.0 = Debug|Any CPU
		{4B41A5DE-1F31-433D-937D-86651EB2AE00}.Debug|x86.ActiveCfg = Debug|Any CPU
		{4B41A5DE-1F31-433D-937D-86651EB2AE00}.Debug|x86.Build.0 = Debug|Any CPU
		{4B41A5DE-1F31-433D-937D-86651EB2AE00}.Release|Any CPU.ActiveCfg = Release|Any CPU
		{4B41A5DE-1F31-433D-937D-86651EB2AE00}.Release|Any CPU.Build.0 = Release|Any CPU
		{4B41A5DE-1F31-433D-937D-86651EB2AE00}.Release|x64.ActiveCfg = Release|Any CPU
		{4B41A5DE-1F31-433D-937D-86651EB2AE00}.Release|x64.Build.0 = Release|Any CPU
		{4B41A5DE-1F31-433D-937D-86651EB2AE00}.Release|x86.ActiveCfg = Release|Any CPU
		{4B41A5DE-1F31-433D-937D-86651EB2AE00}.Release|x86.Build.0 = Release|Any CPU
		{C867A22C-584D-42A3-A02F-B3A5A9487369}.Debug|Any CPU.ActiveCfg = Debug|Any CPU
		{C867A22C-584D-42A3-A02F-B3A5A9487369}.Debug|Any CPU.Build.0 = Debug|Any CPU
		{C867A22C-584D-42A3-A02F-B3A5A9487369}.Debug|x64.ActiveCfg = Debug|Any CPU
		{C867A22C-584D-42A3-A02F-B3A5A9487369}.Debug|x64.Build.0 = Debug|Any CPU
		{C867A22C-584D-42A3-A02F-B3A5A9487369}.Debug|x86.ActiveCfg = Debug|Any CPU
		{C867A22C-584D-42A3-A02F-B3A5A9487369}.Debug|x86.Build.0 = Debug|Any CPU
		{C867A22C-584D-42A3-A02F-B3A5A9487369}.Release|Any CPU.ActiveCfg = Release|Any CPU
		{C867A22C-584D-42A3-A02F-B3A5A9487369}.Release|Any CPU.Build.0 = Release|Any CPU
		{C867A22C-584D-42A3-A02F-B3A5A9487369}.Release|x64.ActiveCfg = Release|Any CPU
		{C867A22C-584D-42A3-A02F-B3A5A9487369}.Release|x64.Build.0 = Release|Any CPU
		{C867A22C-584D-42A3-A02F-B3A5A9487369}.Release|x86.ActiveCfg = Release|Any CPU
		{C867A22C-584D-42A3-A02F-B3A5A9487369}.Release|x86.Build.0 = Release|Any CPU
		{82901359-C2E7-4319-A6D7-D4DA4BDD3238}.Debug|Any CPU.ActiveCfg = Debug|Any CPU
		{82901359-C2E7-4319-A6D7-D4DA4BDD3238}.Debug|Any CPU.Build.0 = Debug|Any CPU
		{82901359-C2E7-4319-A6D7-D4DA4BDD3238}.Debug|x64.ActiveCfg = Debug|Any CPU
		{82901359-C2E7-4319-A6D7-D4DA4BDD3238}.Debug|x64.Build.0 = Debug|Any CPU
		{82901359-C2E7-4319-A6D7-D4DA4BDD3238}.Debug|x86.ActiveCfg = Debug|Any CPU
		{82901359-C2E7-4319-A6D7-D4DA4BDD3238}.Debug|x86.Build.0 = Debug|Any CPU
		{82901359-C2E7-4319-A6D7-D4DA4BDD3238}.Release|Any CPU.ActiveCfg = Release|Any CPU
		{82901359-C2E7-4319-A6D7-D4DA4BDD3238}.Release|Any CPU.Build.0 = Release|Any CPU
		{82901359-C2E7-4319-A6D7-D4DA4BDD3238}.Release|x64.ActiveCfg = Release|Any CPU
		{82901359-C2E7-4319-A6D7-D4DA4BDD3238}.Release|x64.Build.0 = Release|Any CPU
		{82901359-C2E7-4319-A6D7-D4DA4BDD3238}.Release|x86.ActiveCfg = Release|Any CPU
		{82901359-C2E7-4319-A6D7-D4DA4BDD3238}.Release|x86.Build.0 = Release|Any CPU
	EndGlobalSection
EndGlobal
